// !$*UTF8*$!
{
	archiveVersion = 1;
	classes = {
	};
	objectVersion = 77;
	objects = {

/* Begin PBXBuildFile section */
		26DA22692D763E3A00D193F8 /* Preview Assets.xcassets in Resources */ = {isa = PBXBuildFile; fileRef = 26DA22632D763E3A00D193F8 /* Preview Assets.xcassets */; };
		26DA226A2D763E3A00D193F8 /* Assets.xcassets in Resources */ = {isa = PBXBuildFile; fileRef = 26DA22652D763E3A00D193F8 /* Assets.xcassets */; };
		26DA226C2D763E3A00D193F8 /* JokeFinderApp.swift in Sources */ = {isa = PBXBuildFile; fileRef = 26DA22672D763E3A00D193F8 /* JokeFinderApp.swift */; };
/* End PBXBuildFile section */

/* Begin PBXContainerItemProxy section */
		26DA22472D763E0A00D193F8 /* PBXContainerItemProxy */ = {
			isa = PBXContainerItemProxy;
			containerPortal = 26DA222E2D763E0800D193F8 /* Project object */;
			proxyType = 1;
			remoteGlobalIDString = 26DA22352D763E0800D193F8;
			remoteInfo = JokeFinder;
		};
		26DA22512D763E0A00D193F8 /* PBXContainerItemProxy */ = {
			isa = PBXContainerItemProxy;
			containerPortal = 26DA222E2D763E0800D193F8 /* Project object */;
			proxyType = 1;
			remoteGlobalIDString = 26DA22352D763E0800D193F8;
			remoteInfo = JokeFinder;
		};
/* End PBXContainerItemProxy section */

/* Begin PBXFileReference section */
		26DA22362D763E0800D193F8 /* JokeFinder.app */ = {isa = PBXFileReference; explicitFileType = wrapper.application; includeInIndex = 0; path = JokeFinder.app; sourceTree = BUILT_PRODUCTS_DIR; };
		26DA22462D763E0A00D193F8 /* JokeFinderTests.xctest */ = {isa = PBXFileReference; explicitFileType = wrapper.cfbundle; includeInIndex = 0; path = JokeFinderTests.xctest; sourceTree = BUILT_PRODUCTS_DIR; };
		26DA22502D763E0A00D193F8 /* JokeFinderUITests.xctest */ = {isa = PBXFileReference; explicitFileType = wrapper.cfbundle; includeInIndex = 0; path = JokeFinderUITests.xctest; sourceTree = BUILT_PRODUCTS_DIR; };
		26DA22632D763E3A00D193F8 /* Preview Assets.xcassets */ = {isa = PBXFileReference; lastKnownFileType = folder.assetcatalog; path = "Preview Assets.xcassets"; sourceTree = "<group>"; };
		26DA22652D763E3A00D193F8 /* Assets.xcassets */ = {isa = PBXFileReference; lastKnownFileType = folder.assetcatalog; path = Assets.xcassets; sourceTree = "<group>"; };
		26DA22672D763E3A00D193F8 /* JokeFinderApp.swift */ = {isa = PBXFileReference; lastKnownFileType = sourcecode.swift; path = JokeFinderApp.swift; sourceTree = "<group>"; };
/* End PBXFileReference section */

/* Begin PBXFileSystemSynchronizedRootGroup section */
		26DA22492D763E0A00D193F8 /* JokeFinderTests */ = {
			isa = PBXFileSystemSynchronizedRootGroup;
			path = JokeFinderTests;
			sourceTree = "<group>";
		};
		26DA22532D763E0A00D193F8 /* JokeFinderUITests */ = {
			isa = PBXFileSystemSynchronizedRootGroup;
			path = JokeFinderUITests;
			sourceTree = "<group>";
		};
		26DA226D2D763E6F00D193F8 /* Views */ = {
			isa = PBXFileSystemSynchronizedRootGroup;
			path = Views;
			sourceTree = "<group>";
		};
		26DA226E2D763E9300D193F8 /* Model */ = {
			isa = PBXFileSystemSynchronizedRootGroup;
			path = Model;
			sourceTree = "<group>";
		};
		26DA226F2D763E9A00D193F8 /* View Model */ = {
			isa = PBXFileSystemSynchronizedRootGroup;
			path = "View Model";
			sourceTree = "<group>";
		};
/* End PBXFileSystemSynchronizedRootGroup section */

/* Begin PBXFrameworksBuildPhase section */
		26DA22332D763E0800D193F8 /* Frameworks */ = {
			isa = PBXFrameworksBuildPhase;
			buildActionMask = 2147483647;
			files = (
			);
			runOnlyForDeploymentPostprocessing = 0;
		};
		26DA22432D763E0A00D193F8 /* Frameworks */ = {
			isa = PBXFrameworksBuildPhase;
			buildActionMask = 2147483647;
			files = (
			);
			runOnlyForDeploymentPostprocessing = 0;
		};
		26DA224D2D763E0A00D193F8 /* Frameworks */ = {
			isa = PBXFrameworksBuildPhase;
			buildActionMask = 2147483647;
			files = (
			);
			runOnlyForDeploymentPostprocessing = 0;
		};
/* End PBXFrameworksBuildPhase section */

/* Begin PBXGroup section */
		26DA222D2D763E0800D193F8 = {
			isa = PBXGroup;
			children = (
				26DA22682D763E3A00D193F8 /* JokeFinder */,
				26DA22492D763E0A00D193F8 /* JokeFinderTests */,
				26DA22532D763E0A00D193F8 /* JokeFinderUITests */,
				26DA22372D763E0800D193F8 /* Products */,
			);
			sourceTree = "<group>";
		};
		26DA22372D763E0800D193F8 /* Products */ = {
			isa = PBXGroup;
			children = (
				26DA22362D763E0800D193F8 /* JokeFinder.app */,
				26DA22462D763E0A00D193F8 /* JokeFinderTests.xctest */,
				26DA22502D763E0A00D193F8 /* JokeFinderUITests.xctest */,
			);
			name = Products;
			sourceTree = "<group>";
		};
		26DA22642D763E3A00D193F8 /* Preview Content */ = {
			isa = PBXGroup;
			children = (
				26DA22632D763E3A00D193F8 /* Preview Assets.xcassets */,
			);
			path = "Preview Content";
			sourceTree = "<group>";
		};
		26DA22682D763E3A00D193F8 /* JokeFinder */ = {
			isa = PBXGroup;
			children = (
				26DA22672D763E3A00D193F8 /* JokeFinderApp.swift */,
				26DA226F2D763E9A00D193F8 /* View Model */,
				26DA226E2D763E9300D193F8 /* Model */,
				26DA226D2D763E6F00D193F8 /* Views */,
				26DA22642D763E3A00D193F8 /* Preview Content */,
				26DA22652D763E3A00D193F8 /* Assets.xcassets */,
			);
			path = JokeFinder;
			sourceTree = "<group>";
		};
/* End PBXGroup section */

/* Begin PBXNativeTarget section */
		26DA22352D763E0800D193F8 /* JokeFinder */ = {
			isa = PBXNativeTarget;
			buildConfigurationList = 26DA225A2D763E0A00D193F8 /* Build configuration list for PBXNativeTarget "JokeFinder" */;
			buildPhases = (
				26DA22322D763E0800D193F8 /* Sources */,
				26DA22332D763E0800D193F8 /* Frameworks */,
				26DA22342D763E0800D193F8 /* Resources */,
			);
			buildRules = (
			);
			dependencies = (
			);
			fileSystemSynchronizedGroups = (
				26DA226D2D763E6F00D193F8 /* Views */,
				26DA226E2D763E9300D193F8 /* Model */,
				26DA226F2D763E9A00D193F8 /* View Model */,
			);
			name = JokeFinder;
			packageProductDependencies = (
			);
			productName = JokeFinder;
			productReference = 26DA22362D763E0800D193F8 /* JokeFinder.app */;
			productType = "com.apple.product-type.application";
		};
		26DA22452D763E0A00D193F8 /* JokeFinderTests */ = {
			isa = PBXNativeTarget;
			buildConfigurationList = 26DA225D2D763E0A00D193F8 /* Build configuration list for PBXNativeTarget "JokeFinderTests" */;
			buildPhases = (
				26DA22422D763E0A00D193F8 /* Sources */,
				26DA22432D763E0A00D193F8 /* Frameworks */,
				26DA22442D763E0A00D193F8 /* Resources */,
			);
			buildRules = (
			);
			dependencies = (
				26DA22482D763E0A00D193F8 /* PBXTargetDependency */,
			);
			fileSystemSynchronizedGroups = (
				26DA22492D763E0A00D193F8 /* JokeFinderTests */,
			);
			name = JokeFinderTests;
			packageProductDependencies = (
			);
			productName = JokeFinderTests;
			productReference = 26DA22462D763E0A00D193F8 /* JokeFinderTests.xctest */;
			productType = "com.apple.product-type.bundle.unit-test";
		};
		26DA224F2D763E0A00D193F8 /* JokeFinderUITests */ = {
			isa = PBXNativeTarget;
			buildConfigurationList = 26DA22602D763E0A00D193F8 /* Build configuration list for PBXNativeTarget "JokeFinderUITests" */;
			buildPhases = (
				26DA224C2D763E0A00D193F8 /* Sources */,
				26DA224D2D763E0A00D193F8 /* Frameworks */,
				26DA224E2D763E0A00D193F8 /* Resources */,
			);
			buildRules = (
			);
			dependencies = (
				26DA22522D763E0A00D193F8 /* PBXTargetDependency */,
			);
			fileSystemSynchronizedGroups = (
				26DA22532D763E0A00D193F8 /* JokeFinderUITests */,
			);
			name = JokeFinderUITests;
			packageProductDependencies = (
			);
			productName = JokeFinderUITests;
			productReference = 26DA22502D763E0A00D193F8 /* JokeFinderUITests.xctest */;
			productType = "com.apple.product-type.bundle.ui-testing";
		};
/* End PBXNativeTarget section */

/* Begin PBXProject section */
		26DA222E2D763E0800D193F8 /* Project object */ = {
			isa = PBXProject;
			attributes = {
				BuildIndependentTargetsInParallel = 1;
				LastSwiftUpdateCheck = 1610;
				LastUpgradeCheck = 1610;
				TargetAttributes = {
					26DA22352D763E0800D193F8 = {
						CreatedOnToolsVersion = 16.1;
					};
					26DA22452D763E0A00D193F8 = {
						CreatedOnToolsVersion = 16.1;
						TestTargetID = 26DA22352D763E0800D193F8;
					};
					26DA224F2D763E0A00D193F8 = {
						CreatedOnToolsVersion = 16.1;
						TestTargetID = 26DA22352D763E0800D193F8;
					};
				};
			};
			buildConfigurationList = 26DA22312D763E0800D193F8 /* Build configuration list for PBXProject "JokeFinder" */;
			developmentRegion = en;
			hasScannedForEncodings = 0;
			knownRegions = (
				en,
				Base,
			);
			mainGroup = 26DA222D2D763E0800D193F8;
			minimizedProjectReferenceProxies = 1;
			preferredProjectObjectVersion = 77;
			productRefGroup = 26DA22372D763E0800D193F8 /* Products */;
			projectDirPath = "";
			projectRoot = "";
			targets = (
				26DA22352D763E0800D193F8 /* JokeFinder */,
				26DA22452D763E0A00D193F8 /* JokeFinderTests */,
				26DA224F2D763E0A00D193F8 /* JokeFinderUITests */,
			);
		};
/* End PBXProject section */

/* Begin PBXResourcesBuildPhase section */
		26DA22342D763E0800D193F8 /* Resources */ = {
			isa = PBXResourcesBuildPhase;
			buildActionMask = 2147483647;
			files = (
				26DA22692D763E3A00D193F8 /* Preview Assets.xcassets in Resources */,
				26DA226A2D763E3A00D193F8 /* Assets.xcassets in Resources */,
			);
			runOnlyForDeploymentPostprocessing = 0;
		};
		26DA22442D763E0A00D193F8 /* Resources */ = {
			isa = PBXResourcesBuildPhase;
			buildActionMask = 2147483647;
			files = (
			);
			runOnlyForDeploymentPostprocessing = 0;
		};
		26DA224E2D763E0A00D193F8 /* Resources */ = {
			isa = PBXResourcesBuildPhase;
			buildActionMask = 2147483647;
			files = (
			);
			runOnlyForDeploymentPostprocessing = 0;
		};
/* End PBXResourcesBuildPhase section */

/* Begin PBXSourcesBuildPhase section */
		26DA22322D763E0800D193F8 /* Sources */ = {
			isa = PBXSourcesBuildPhase;
			buildActionMask = 2147483647;
			files = (
				26DA226C2D763E3A00D193F8 /* JokeFinderApp.swift in Sources */,
			);
			runOnlyForDeploymentPostprocessing = 0;
		};
		26DA22422D763E0A00D193F8 /* Sources */ = {
			isa = PBXSourcesBuildPhase;
			buildActionMask = 2147483647;
			files = (
			);
			runOnlyForDeploymentPostprocessing = 0;
		};
		26DA224C2D763E0A00D193F8 /* Sources */ = {
			isa = PBXSourcesBuildPhase;
			buildActionMask = 2147483647;
			files = (
			);
			runOnlyForDeploymentPostprocessing = 0;
		};
/* End PBXSourcesBuildPhase section */

/* Begin PBXTargetDependency section */
		26DA22482D763E0A00D193F8 /* PBXTargetDependency */ = {
			isa = PBXTargetDependency;
			target = 26DA22352D763E0800D193F8 /* JokeFinder */;
			targetProxy = 26DA22472D763E0A00D193F8 /* PBXContainerItemProxy */;
		};
		26DA22522D763E0A00D193F8 /* PBXTargetDependency */ = {
			isa = PBXTargetDependency;
			target = 26DA22352D763E0800D193F8 /* JokeFinder */;
			targetProxy = 26DA22512D763E0A00D193F8 /* PBXContainerItemProxy */;
		};
/* End PBXTargetDependency section */

/* Begin XCBuildConfiguration section */
		26DA22582D763E0A00D193F8 /* Debug */ = {
			isa = XCBuildConfiguration;
			buildSettings = {
				ALWAYS_SEARCH_USER_PATHS = NO;
				ASSETCATALOG_COMPILER_GENERATE_SWIFT_ASSET_SYMBOL_EXTENSIONS = YES;
				CLANG_ANALYZER_NONNULL = YES;
				CLANG_ANALYZER_NUMBER_OBJECT_CONVERSION = YES_AGGRESSIVE;
				CLANG_CXX_LANGUAGE_STANDARD = "gnu++20";
				CLANG_ENABLE_MODULES = YES;
				CLANG_ENABLE_OBJC_ARC = YES;
				CLANG_ENABLE_OBJC_WEAK = YES;
				CLANG_WARN_BLOCK_CAPTURE_AUTORELEASING = YES;
				CLANG_WARN_BOOL_CONVERSION = YES;
				CLANG_WARN_COMMA = YES;
				CLANG_WARN_CONSTANT_CONVERSION = YES;
				CLANG_WARN_DEPRECATED_OBJC_IMPLEMENTATIONS = YES;
				CLANG_WARN_DIRECT_OBJC_ISA_USAGE = YES_ERROR;
				CLANG_WARN_DOCUMENTATION_COMMENTS = YES;
				CLANG_WARN_EMPTY_BODY = YES;
				CLANG_WARN_ENUM_CONVERSION = YES;
				CLANG_WARN_INFINITE_RECURSION = YES;
				CLANG_WARN_INT_CONVERSION = YES;
				CLANG_WARN_NON_LITERAL_NULL_CONVERSION = YES;
				CLANG_WARN_OBJC_IMPLICIT_RETAIN_SELF = YES;
				CLANG_WARN_OBJC_LITERAL_CONVERSION = YES;
				CLANG_WARN_OBJC_ROOT_CLASS = YES_ERROR;
				CLANG_WARN_QUOTED_INCLUDE_IN_FRAMEWORK_HEADER = YES;
				CLANG_WARN_RANGE_LOOP_ANALYSIS = YES;
				CLANG_WARN_STRICT_PROTOTYPES = YES;
				CLANG_WARN_SUSPICIOUS_MOVE = YES;
				CLANG_WARN_UNGUARDED_AVAILABILITY = YES_AGGRESSIVE;
				CLANG_WARN_UNREACHABLE_CODE = YES;
				CLANG_WARN__DUPLICATE_METHOD_MATCH = YES;
				COPY_PHASE_STRIP = NO;
				DEBUG_INFORMATION_FORMAT = dwarf;
				ENABLE_STRICT_OBJC_MSGSEND = YES;
				ENABLE_TESTABILITY = YES;
				ENABLE_USER_SCRIPT_SANDBOXING = YES;
				GCC_C_LANGUAGE_STANDARD = gnu17;
				GCC_DYNAMIC_NO_PIC = NO;
				GCC_NO_COMMON_BLOCKS = YES;
				GCC_OPTIMIZATION_LEVEL = 0;
				GCC_PREPROCESSOR_DEFINITIONS = (
					"DEBUG=1",
					"$(inherited)",
				);
				GCC_WARN_64_TO_32_BIT_CONVERSION = YES;
				GCC_WARN_ABOUT_RETURN_TYPE = YES_ERROR;
				GCC_WARN_UNDECLARED_SELECTOR = YES;
				GCC_WARN_UNINITIALIZED_AUTOS = YES_AGGRESSIVE;
				GCC_WARN_UNUSED_FUNCTION = YES;
				GCC_WARN_UNUSED_VARIABLE = YES;
				IPHONEOS_DEPLOYMENT_TARGET = 18.1;
				LOCALIZATION_PREFERS_STRING_CATALOGS = YES;
				MTL_ENABLE_DEBUG_INFO = INCLUDE_SOURCE;
				MTL_FAST_MATH = YES;
				ONLY_ACTIVE_ARCH = YES;
				SDKROOT = iphoneos;
				SWIFT_ACTIVE_COMPILATION_CONDITIONS = "DEBUG $(inherited)";
				SWIFT_OPTIMIZATION_LEVEL = "-Onone";
			};
			name = Debug;
		};
		26DA22592D763E0A00D193F8 /* Release */ = {
			isa = XCBuildConfiguration;
			buildSettings = {
				ALWAYS_SEARCH_USER_PATHS = NO;
				ASSETCATALOG_COMPILER_GENERATE_SWIFT_ASSET_SYMBOL_EXTENSIONS = YES;
				CLANG_ANALYZER_NONNULL = YES;
				CLANG_ANALYZER_NUMBER_OBJECT_CONVERSION = YES_AGGRESSIVE;
				CLANG_CXX_LANGUAGE_STANDARD = "gnu++20";
				CLANG_ENABLE_MODULES = YES;
				CLANG_ENABLE_OBJC_ARC = YES;
				CLANG_ENABLE_OBJC_WEAK = YES;
				CLANG_WARN_BLOCK_CAPTURE_AUTORELEASING = YES;
				CLANG_WARN_BOOL_CONVERSION = YES;
				CLANG_WARN_COMMA = YES;
				CLANG_WARN_CONSTANT_CONVERSION = YES;
				CLANG_WARN_DEPRECATED_OBJC_IMPLEMENTATIONS = YES;
				CLANG_WARN_DIRECT_OBJC_ISA_USAGE = YES_ERROR;
				CLANG_WARN_DOCUMENTATION_COMMENTS = YES;
				CLANG_WARN_EMPTY_BODY = YES;
				CLANG_WARN_ENUM_CONVERSION = YES;
				CLANG_WARN_INFINITE_RECURSION = YES;
				CLANG_WARN_INT_CONVERSION = YES;
				CLANG_WARN_NON_LITERAL_NULL_CONVERSION = YES;
				CLANG_WARN_OBJC_IMPLICIT_RETAIN_SELF = YES;
				CLANG_WARN_OBJC_LITERAL_CONVERSION = YES;
				CLANG_WARN_OBJC_ROOT_CLASS = YES_ERROR;
				CLANG_WARN_QUOTED_INCLUDE_IN_FRAMEWORK_HEADER = YES;
				CLANG_WARN_RANGE_LOOP_ANALYSIS = YES;
				CLANG_WARN_STRICT_PROTOTYPES = YES;
				CLANG_WARN_SUSPICIOUS_MOVE = YES;
				CLANG_WARN_UNGUARDED_AVAILABILITY = YES_AGGRESSIVE;
				CLANG_WARN_UNREACHABLE_CODE = YES;
				CLANG_WARN__DUPLICATE_METHOD_MATCH = YES;
				COPY_PHASE_STRIP = NO;
				DEBUG_INFORMATION_FORMAT = "dwarf-with-dsym";
				ENABLE_NS_ASSERTIONS = NO;
				ENABLE_STRICT_OBJC_MSGSEND = YES;
				ENABLE_USER_SCRIPT_SANDBOXING = YES;
				GCC_C_LANGUAGE_STANDARD = gnu17;
				GCC_NO_COMMON_BLOCKS = YES;
				GCC_WARN_64_TO_32_BIT_CONVERSION = YES;
				GCC_WARN_ABOUT_RETURN_TYPE = YES_ERROR;
				GCC_WARN_UNDECLARED_SELECTOR = YES;
				GCC_WARN_UNINITIALIZED_AUTOS = YES_AGGRESSIVE;
				GCC_WARN_UNUSED_FUNCTION = YES;
				GCC_WARN_UNUSED_VARIABLE = YES;
				IPHONEOS_DEPLOYMENT_TARGET = 18.1;
				LOCALIZATION_PREFERS_STRING_CATALOGS = YES;
				MTL_ENABLE_DEBUG_INFO = NO;
				MTL_FAST_MATH = YES;
				SDKROOT = iphoneos;
				SWIFT_COMPILATION_MODE = wholemodule;
				VALIDATE_PRODUCT = YES;
			};
			name = Release;
		};
		26DA225B2D763E0A00D193F8 /* Debug */ = {
			isa = XCBuildConfiguration;
			buildSettings = {
				ASSETCATALOG_COMPILER_APPICON_NAME = AppIcon;
				ASSETCATALOG_COMPILER_GLOBAL_ACCENT_COLOR_NAME = AccentColor;
				CODE_SIGN_STYLE = Automatic;
				CURRENT_PROJECT_VERSION = 1;
				DEVELOPMENT_ASSET_PATHS = "\"JokeFinder/Preview Content\"";
				DEVELOPMENT_TEAM = 4UG443984D;
				ENABLE_PREVIEWS = YES;
				GENERATE_INFOPLIST_FILE = YES;
				INFOPLIST_KEY_UIApplicationSceneManifest_Generation = YES;
				INFOPLIST_KEY_UIApplicationSupportsIndirectInputEvents = YES;
				INFOPLIST_KEY_UILaunchScreen_Generation = YES;
				INFOPLIST_KEY_UISupportedInterfaceOrientations_iPad = "UIInterfaceOrientationPortrait UIInterfaceOrientationPortraitUpsideDown UIInterfaceOrientationLandscapeLeft UIInterfaceOrientationLandscapeRight";
				INFOPLIST_KEY_UISupportedInterfaceOrientations_iPhone = "UIInterfaceOrientationPortrait UIInterfaceOrientationLandscapeLeft UIInterfaceOrientationLandscapeRight";
				LD_RUNPATH_SEARCH_PATHS = (
					"$(inherited)",
					"@executable_path/Frameworks",
				);
				MARKETING_VERSION = 1.0;
				PRODUCT_BUNDLE_IDENTIFIER = ca.josephinesalamon.JokeFinder;
				PRODUCT_NAME = "$(TARGET_NAME)";
				SWIFT_EMIT_LOC_STRINGS = YES;
				SWIFT_VERSION = 5.0;
				TARGETED_DEVICE_FAMILY = "1,2";
			};
			name = Debug;
		};
		26DA225C2D763E0A00D193F8 /* Release */ = {
			isa = XCBuildConfiguration;
			buildSettings = {
				ASSETCATALOG_COMPILER_APPICON_NAME = AppIcon;
				ASSETCATALOG_COMPILER_GLOBAL_ACCENT_COLOR_NAME = AccentColor;
				CODE_SIGN_STYLE = Automatic;
				CURRENT_PROJECT_VERSION = 1;
				DEVELOPMENT_ASSET_PATHS = "\"JokeFinder/Preview Content\"";
				DEVELOPMENT_TEAM = 4UG443984D;
				ENABLE_PREVIEWS = YES;
				GENERATE_INFOPLIST_FILE = YES;
				INFOPLIST_KEY_UIApplicationSceneManifest_Generation = YES;
				INFOPLIST_KEY_UIApplicationSupportsIndirectInputEvents = YES;
				INFOPLIST_KEY_UILaunchScreen_Generation = YES;
				INFOPLIST_KEY_UISupportedInterfaceOrientations_iPad = "UIInterfaceOrientationPortrait UIInterfaceOrientationPortraitUpsideDown UIInterfaceOrientationLandscapeLeft UIInterfaceOrientationLandscapeRight";
				INFOPLIST_KEY_UISupportedInterfaceOrientations_iPhone = "UIInterfaceOrientationPortrait UIInterfaceOrientationLandscapeLeft UIInterfaceOrientationLandscapeRight";
				LD_RUNPATH_SEARCH_PATHS = (
					"$(inherited)",
					"@executable_path/Frameworks",
				);
				MARKETING_VERSION = 1.0;
				PRODUCT_BUNDLE_IDENTIFIER = ca.josephinesalamon.JokeFinder;
				PRODUCT_NAME = "$(TARGET_NAME)";
				SWIFT_EMIT_LOC_STRINGS = YES;
				SWIFT_VERSION = 5.0;
				TARGETED_DEVICE_FAMILY = "1,2";
			};
			name = Release;
		};
		26DA225E2D763E0A00D193F8 /* Debug */ = {
			isa = XCBuildConfiguration;
			buildSettings = {
				BUNDLE_LOADER = "$(TEST_HOST)";
				CODE_SIGN_STYLE = Automatic;
				CURRENT_PROJECT_VERSION = 1;
				DEVELOPMENT_TEAM = 4UG443984D;
				GENERATE_INFOPLIST_FILE = YES;
				IPHONEOS_DEPLOYMENT_TARGET = 18.1;
				MARKETING_VERSION = 1.0;
				PRODUCT_BUNDLE_IDENTIFIER = ca.josephinesalamon.JokeFinderTests;
				PRODUCT_NAME = "$(TARGET_NAME)";
				SWIFT_EMIT_LOC_STRINGS = NO;
				SWIFT_VERSION = 5.0;
				TARGETED_DEVICE_FAMILY = "1,2";
				TEST_HOST = "$(BUILT_PRODUCTS_DIR)/JokeFinder.app/$(BUNDLE_EXECUTABLE_FOLDER_PATH)/JokeFinder";
			};
			name = Debug;
		};
		26DA225F2D763E0A00D193F8 /* Release */ = {
			isa = XCBuildConfiguration;
			buildSettings = {
				BUNDLE_LOADER = "$(TEST_HOST)";
				CODE_SIGN_STYLE = Automatic;
				CURRENT_PROJECT_VERSION = 1;
				DEVELOPMENT_TEAM = 4UG443984D;
				GENERATE_INFOPLIST_FILE = YES;
				IPHONEOS_DEPLOYMENT_TARGET = 18.1;
				MARKETING_VERSION = 1.0;
				PRODUCT_BUNDLE_IDENTIFIER = ca.josephinesalamon.JokeFinderTests;
				PRODUCT_NAME = "$(TARGET_NAME)";
				SWIFT_EMIT_LOC_STRINGS = NO;
				SWIFT_VERSION = 5.0;
				TARGETED_DEVICE_FAMILY = "1,2";
				TEST_HOST = "$(BUILT_PRODUCTS_DIR)/JokeFinder.app/$(BUNDLE_EXECUTABLE_FOLDER_PATH)/JokeFinder";
			};
			name = Release;
		};
		26DA22612D763E0A00D193F8 /* Debug */ = {
			isa = XCBuildConfiguration;
			buildSettings = {
				CODE_SIGN_STYLE = Automatic;
				CURRENT_PROJECT_VERSION = 1;
				DEVELOPMENT_TEAM = 4UG443984D;
				GENERATE_INFOPLIST_FILE = YES;
				MARKETING_VERSION = 1.0;
				PRODUCT_BUNDLE_IDENTIFIER = ca.josephinesalamon.JokeFinderUITests;
				PRODUCT_NAME = "$(TARGET_NAME)";
				SWIFT_EMIT_LOC_STRINGS = NO;
				SWIFT_VERSION = 5.0;
				TARGETED_DEVICE_FAMILY = "1,2";
				TEST_TARGET_NAME = JokeFinder;
			};
			name = Debug;
		};
		26DA22622D763E0A00D193F8 /* Release */ = {
			isa = XCBuildConfiguration;
			buildSettings = {
				CODE_SIGN_STYLE = Automatic;
				CURRENT_PROJECT_VERSION = 1;
				DEVELOPMENT_TEAM = 4UG443984D;
				GENERATE_INFOPLIST_FILE = YES;
				MARKETING_VERSION = 1.0;
				PRODUCT_BUNDLE_IDENTIFIER = ca.josephinesalamon.JokeFinderUITests;
				PRODUCT_NAME = "$(TARGET_NAME)";
				SWIFT_EMIT_LOC_STRINGS = NO;
				SWIFT_VERSION = 5.0;
				TARGETED_DEVICE_FAMILY = "1,2";
				TEST_TARGET_NAME = JokeFinder;
			};
			name = Release;
		};
/* End XCBuildConfiguration section */

/* Begin XCConfigurationList section */
		26DA22312D763E0800D193F8 /* Build configuration list for PBXProject "JokeFinder" */ = {
			isa = XCConfigurationList;
			buildConfigurations = (
				26DA22582D763E0A00D193F8 /* Debug */,
				26DA22592D763E0A00D193F8 /* Release */,
			);
			defaultConfigurationIsVisible = 0;
			defaultConfigurationName = Release;
		};
		26DA225A2D763E0A00D193F8 /* Build configuration list for PBXNativeTarget "JokeFinder" */ = {
			isa = XCConfigurationList;
			buildConfigurations = (
				26DA225B2D763E0A00D193F8 /* Debug */,
				26DA225C2D763E0A00D193F8 /* Release */,
			);
			defaultConfigurationIsVisible = 0;
			defaultConfigurationName = Release;
		};
		26DA225D2D763E0A00D193F8 /* Build configuration list for PBXNativeTarget "JokeFinderTests" */ = {
			isa = XCConfigurationList;
			buildConfigurations = (
				26DA225E2D763E0A00D193F8 /* Debug */,
				26DA225F2D763E0A00D193F8 /* Release */,
			);
			defaultConfigurationIsVisible = 0;
			defaultConfigurationName = Release;
		};
		26DA22602D763E0A00D193F8 /* Build configuration list for PBXNativeTarget "JokeFinderUITests" */ = {
			isa = XCConfigurationList;
			buildConfigurations = (
				26DA22612D763E0A00D193F8 /* Debug */,
				26DA22622D763E0A00D193F8 /* Release */,
			);
			defaultConfigurationIsVisible = 0;
			defaultConfigurationName = Release;
		};
/* End XCConfigurationList section */
	};
	rootObject = 26DA222E2D763E0800D193F8 /* Project object */;
}
